// !$*UTF8*$!
{
	archiveVersion = 1;
	classes = {
	};
	objectVersion = 46;
	objects = {

/* Begin PBXBuildFile section */
		178AA6D61697CF03002FFB4E /* Cocoa.framework in Frameworks */ = {isa = PBXBuildFile; fileRef = 178AA6D51697CF03002FFB4E /* Cocoa.framework */; };
		178AA6E01697CF03002FFB4E /* InfoPlist.strings in Resources */ = {isa = PBXBuildFile; fileRef = 178AA6DE1697CF03002FFB4E /* InfoPlist.strings */; };
		178AA6E21697CF03002FFB4E /* main.m in Sources */ = {isa = PBXBuildFile; fileRef = 178AA6E11697CF03002FFB4E /* main.m */; };
		178AA6E61697CF03002FFB4E /* Credits.rtf in Resources */ = {isa = PBXBuildFile; fileRef = 178AA6E41697CF03002FFB4E /* Credits.rtf */; };
		178AA6E91697CF03002FFB4E /* JTAppDelegate.m in Sources */ = {isa = PBXBuildFile; fileRef = 178AA6E81697CF03002FFB4E /* JTAppDelegate.m */; };
		178AA6EC1697CF04002FFB4E /* MainMenu.xib in Resources */ = {isa = PBXBuildFile; fileRef = 178AA6EA1697CF04002FFB4E /* MainMenu.xib */; };
/* End PBXBuildFile section */

/* Begin PBXFileReference section */
		178AA6D11697CF03002FFB4E /* Flag Hack.app */ = {isa = PBXFileReference; explicitFileType = wrapper.application; includeInIndex = 0; path = "Flag Hack.app"; sourceTree = BUILT_PRODUCTS_DIR; };
		178AA6D51697CF03002FFB4E /* Cocoa.framework */ = {isa = PBXFileReference; lastKnownFileType = wrapper.framework; name = Cocoa.framework; path = System/Library/Frameworks/Cocoa.framework; sourceTree = SDKROOT; };
		178AA6D81697CF03002FFB4E /* AppKit.framework */ = {isa = PBXFileReference; lastKnownFileType = wrapper.framework; name = AppKit.framework; path = System/Library/Frameworks/AppKit.framework; sourceTree = SDKROOT; };
		178AA6D91697CF03002FFB4E /* CoreData.framework */ = {isa = PBXFileReference; lastKnownFileType = wrapper.framework; name = CoreData.framework; path = System/Library/Frameworks/CoreData.framework; sourceTree = SDKROOT; };
		178AA6DA1697CF03002FFB4E /* Foundation.framework */ = {isa = PBXFileReference; lastKnownFileType = wrapper.framework; name = Foundation.framework; path = System/Library/Frameworks/Foundation.framework; sourceTree = SDKROOT; };
		178AA6DD1697CF03002FFB4E /* Flag Hack-Info.plist */ = {isa = PBXFileReference; lastKnownFileType = text.plist.xml; path = "Flag Hack-Info.plist"; sourceTree = "<group>"; };
		178AA6DF1697CF03002FFB4E /* en */ = {isa = PBXFileReference; lastKnownFileType = text.plist.strings; name = en; path = en.lproj/InfoPlist.strings; sourceTree = "<group>"; };
		178AA6E11697CF03002FFB4E /* main.m */ = {isa = PBXFileReference; lastKnownFileType = sourcecode.c.objc; path = main.m; sourceTree = "<group>"; };
		178AA6E31697CF03002FFB4E /* Flag Hack-Prefix.pch */ = {isa = PBXFileReference; lastKnownFileType = sourcecode.c.h; path = "Flag Hack-Prefix.pch"; sourceTree = "<group>"; };
		178AA6E51697CF03002FFB4E /* en */ = {isa = PBXFileReference; lastKnownFileType = text.rtf; name = en; path = en.lproj/Credits.rtf; sourceTree = "<group>"; };
		178AA6E71697CF03002FFB4E /* JTAppDelegate.h */ = {isa = PBXFileReference; lastKnownFileType = sourcecode.c.h; path = JTAppDelegate.h; sourceTree = "<group>"; };
		178AA6E81697CF03002FFB4E /* JTAppDelegate.m */ = {isa = PBXFileReference; lastKnownFileType = sourcecode.c.objc; path = JTAppDelegate.m; sourceTree = "<group>"; };
		178AA6EB1697CF04002FFB4E /* en */ = {isa = PBXFileReference; lastKnownFileType = file.xib; name = en; path = en.lproj/MainMenu.xib; sourceTree = "<group>"; };
/* End PBXFileReference section */

/* Begin PBXFrameworksBuildPhase section */
		178AA6CE1697CF03002FFB4E /* Frameworks */ = {
			isa = PBXFrameworksBuildPhase;
			buildActionMask = 2147483647;
			files = (
				178AA6D61697CF03002FFB4E /* Cocoa.framework in Frameworks */,
			);
			runOnlyForDeploymentPostprocessing = 0;
		};
/* End PBXFrameworksBuildPhase section */

/* Begin PBXGroup section */
		178AA6C61697CF02002FFB4E = {
			isa = PBXGroup;
			children = (
				178AA6DB1697CF03002FFB4E /* Flag Hack */,
				178AA6D41697CF03002FFB4E /* Frameworks */,
				178AA6D21697CF03002FFB4E /* Products */,
			);
			sourceTree = "<group>";
		};
		178AA6D21697CF03002FFB4E /* Products */ = {
			isa = PBXGroup;
			children = (
				178AA6D11697CF03002FFB4E /* Flag Hack.app */,
			);
			name = Products;
			sourceTree = "<group>";
		};
		178AA6D41697CF03002FFB4E /* Frameworks */ = {
			isa = PBXGroup;
			children = (
				178AA6D51697CF03002FFB4E /* Cocoa.framework */,
				178AA6D71697CF03002FFB4E /* Other Frameworks */,
			);
			name = Frameworks;
			sourceTree = "<group>";
		};
		178AA6D71697CF03002FFB4E /* Other Frameworks */ = {
			isa = PBXGroup;
			children = (
				178AA6D81697CF03002FFB4E /* AppKit.framework */,
				178AA6D91697CF03002FFB4E /* CoreData.framework */,
				178AA6DA1697CF03002FFB4E /* Foundation.framework */,
			);
			name = "Other Frameworks";
			sourceTree = "<group>";
		};
		178AA6DB1697CF03002FFB4E /* Flag Hack */ = {
			isa = PBXGroup;
			children = (
				178AA6E71697CF03002FFB4E /* JTAppDelegate.h */,
				178AA6E81697CF03002FFB4E /* JTAppDelegate.m */,
				178AA6EA1697CF04002FFB4E /* MainMenu.xib */,
				178AA6DC1697CF03002FFB4E /* Supporting Files */,
			);
			path = "Flag Hack";
			sourceTree = "<group>";
		};
		178AA6DC1697CF03002FFB4E /* Supporting Files */ = {
			isa = PBXGroup;
			children = (
				178AA6DD1697CF03002FFB4E /* Flag Hack-Info.plist */,
				178AA6DE1697CF03002FFB4E /* InfoPlist.strings */,
				178AA6E11697CF03002FFB4E /* main.m */,
				178AA6E31697CF03002FFB4E /* Flag Hack-Prefix.pch */,
				178AA6E41697CF03002FFB4E /* Credits.rtf */,
			);
			name = "Supporting Files";
			sourceTree = "<group>";
		};
/* End PBXGroup section */

/* Begin PBXNativeTarget section */
		178AA6D01697CF03002FFB4E /* Flag Hack */ = {
			isa = PBXNativeTarget;
			buildConfigurationList = 178AA6EF1697CF04002FFB4E /* Build configuration list for PBXNativeTarget "Flag Hack" */;
			buildPhases = (
				178AA6CD1697CF03002FFB4E /* Sources */,
				178AA6CE1697CF03002FFB4E /* Frameworks */,
				178AA6CF1697CF03002FFB4E /* Resources */,
			);
			buildRules = (
			);
			dependencies = (
			);
			name = "Flag Hack";
			productName = "Flag Hack";
			productReference = 178AA6D11697CF03002FFB4E /* Flag Hack.app */;
			productType = "com.apple.product-type.application";
		};
/* End PBXNativeTarget section */

/* Begin PBXProject section */
		178AA6C81697CF02002FFB4E /* Project object */ = {
			isa = PBXProject;
			attributes = {
				CLASSPREFIX = JT;
				LastUpgradeCheck = 0450;
				ORGANIZATIONNAME = Joel;
			};
			buildConfigurationList = 178AA6CB1697CF02002FFB4E /* Build configuration list for PBXProject "Flag Hack" */;
			compatibilityVersion = "Xcode 3.2";
			developmentRegion = English;
			hasScannedForEncodings = 0;
			knownRegions = (
				en,
			);
			mainGroup = 178AA6C61697CF02002FFB4E;
			productRefGroup = 178AA6D21697CF03002FFB4E /* Products */;
			projectDirPath = "";
			projectRoot = "";
			targets = (
				178AA6D01697CF03002FFB4E /* Flag Hack */,
			);
		};
/* End PBXProject section */

/* Begin PBXResourcesBuildPhase section */
		178AA6CF1697CF03002FFB4E /* Resources */ = {
			isa = PBXResourcesBuildPhase;
			buildActionMask = 2147483647;
			files = (
				178AA6E01697CF03002FFB4E /* InfoPlist.strings in Resources */,
				178AA6E61697CF03002FFB4E /* Credits.rtf in Resources */,
				178AA6EC1697CF04002FFB4E /* MainMenu.xib in Resources */,
			);
			runOnlyForDeploymentPostprocessing = 0;
		};
/* End PBXResourcesBuildPhase section */

/* Begin PBXSourcesBuildPhase section */
		178AA6CD1697CF03002FFB4E /* Sources */ = {
			isa = PBXSourcesBuildPhase;
			buildActionMask = 2147483647;
			files = (
				178AA6E21697CF03002FFB4E /* main.m in Sources */,
				178AA6E91697CF03002FFB4E /* JTAppDelegate.m in Sources */,
			);
			runOnlyForDeploymentPostprocessing = 0;
		};
/* End PBXSourcesBuildPhase section */

/* Begin PBXVariantGroup section */
		178AA6DE1697CF03002FFB4E /* InfoPlist.strings */ = {
			isa = PBXVariantGroup;
			children = (
				178AA6DF1697CF03002FFB4E /* en */,
			);
			name = InfoPlist.strings;
			sourceTree = "<group>";
		};
		178AA6E41697CF03002FFB4E /* Credits.rtf */ = {
			isa = PBXVariantGroup;
			children = (
				178AA6E51697CF03002FFB4E /* en */,
			);
			name = Credits.rtf;
			sourceTree = "<group>";
		};
		178AA6EA1697CF04002FFB4E /* MainMenu.xib */ = {
			isa = PBXVariantGroup;
			children = (
				178AA6EB1697CF04002FFB4E /* en */,
			);
			name = MainMenu.xib;
			sourceTree = "<group>";
		};
/* End PBXVariantGroup section */

/* Begin XCBuildConfiguration section */
		178AA6ED1697CF04002FFB4E /* Debug */ = {
			isa = XCBuildConfiguration;
			buildSettings = {
				ALWAYS_SEARCH_USER_PATHS = NO;
				ARCHS = "$(ARCHS_STANDARD_64_BIT)";
				CLANG_CXX_LANGUAGE_STANDARD = "gnu++0x";
				CLANG_CXX_LIBRARY = "libc++";
				CLANG_WARN_EMPTY_BODY = YES;
				CLANG_WARN__DUPLICATE_METHOD_MATCH = YES;
				COPY_PHASE_STRIP = NO;
				GCC_C_LANGUAGE_STANDARD = gnu99;
				GCC_DYNAMIC_NO_PIC = NO;
				GCC_ENABLE_OBJC_EXCEPTIONS = YES;
				GCC_OPTIMIZATION_LEVEL = 0;
				GCC_PREPROCESSOR_DEFINITIONS = (
					"DEBUG=1",
					"$(inherited)",
				);
				GCC_SYMBOLS_PRIVATE_EXTERN = NO;
				GCC_WARN_64_TO_32_BIT_CONVERSION = YES;
				GCC_WARN_ABOUT_RETURN_TYPE = YES;
				GCC_WARN_UNINITIALIZED_AUTOS = YES;
				GCC_WARN_UNUSED_VARIABLE = YES;
				MACOSX_DEPLOYMENT_TARGET = 10.8;
				ONLY_ACTIVE_ARCH = YES;
				SDKROOT = macosx;
			};
			name = Debug;
		};
		178AA6EE1697CF04002FFB4E /* Release */ = {
			isa = XCBuildConfiguration;
			buildSettings = {
				ALWAYS_SEARCH_USER_PATHS = NO;
				ARCHS = "$(ARCHS_STANDARD_64_BIT)";
				CLANG_CXX_LANGUAGE_STANDARD = "gnu++0x";
				CLANG_CXX_LIBRARY = "libc++";
				CLANG_WARN_EMPTY_BODY = YES;
				CLANG_WARN__DUPLICATE_METHOD_MATCH = YES;
				COPY_PHASE_STRIP = YES;
				DEBUG_INFORMATION_FORMAT = "dwarf-with-dsym";
				GCC_C_LANGUAGE_STANDARD = gnu99;
				GCC_ENABLE_OBJC_EXCEPTIONS = YES;
				GCC_WARN_64_TO_32_BIT_CONVERSION = YES;
				GCC_WARN_ABOUT_RETURN_TYPE = YES;
				GCC_WARN_UNINITIALIZED_AUTOS = YES;
				GCC_WARN_UNUSED_VARIABLE = YES;
				MACOSX_DEPLOYMENT_TARGET = 10.8;
				SDKROOT = macosx;
			};
			name = Release;
		};
		178AA6F01697CF04002FFB4E /* Debug */ = {
			isa = XCBuildConfiguration;
			buildSettings = {
				COMBINE_HIDPI_IMAGES = YES;
				GCC_PRECOMPILE_PREFIX_HEADER = YES;
				GCC_PREFIX_HEADER = "Flag Hack/Flag Hack-Prefix.pch";
				INFOPLIST_FILE = "Flag Hack/Flag Hack-Info.plist";
				PRODUCT_NAME = "$(TARGET_NAME)";
				WRAPPER_EXTENSION = app;
			};
			name = Debug;
		};
		178AA6F11697CF04002FFB4E /* Release */ = {
			isa = XCBuildConfiguration;
			buildSettings = {
				COMBINE_HIDPI_IMAGES = YES;
				GCC_PRECOMPILE_PREFIX_HEADER = YES;
				GCC_PREFIX_HEADER = "Flag Hack/Flag Hack-Prefix.pch";
				INFOPLIST_FILE = "Flag Hack/Flag Hack-Info.plist";
				PRODUCT_NAME = "$(TARGET_NAME)";
				WRAPPER_EXTENSION = app;
			};
			name = Release;
		};
/* End XCBuildConfiguration section */

/* Begin XCConfigurationList section */
		178AA6CB1697CF02002FFB4E /* Build configuration list for PBXProject "Flag Hack" */ = {
			isa = XCConfigurationList;
			buildConfigurations = (
				178AA6ED1697CF04002FFB4E /* Debug */,
				178AA6EE1697CF04002FFB4E /* Release */,
			);
			defaultConfigurationIsVisible = 0;
			defaultConfigurationName = Release;
		};
		178AA6EF1697CF04002FFB4E /* Build configuration list for PBXNativeTarget "Flag Hack" */ = {
			isa = XCConfigurationList;
			buildConfigurations = (
				178AA6F01697CF04002FFB4E /* Debug */,
				178AA6F11697CF04002FFB4E /* Release */,
			);
			defaultConfigurationIsVisible = 0;
		};
/* End XCConfigurationList section */
	};
	rootObject = 178AA6C81697CF02002FFB4E /* Project object */;
}
